apiVersion: kustomanager.shamrock.systems/v1alpha1
kind: KustomanagerLockfile

# Metadata for the repository this lockfile resides in
repo:
  url: https://github.com/ShamrockSystems/k8s-manifests.git
  revision: HEAD

# A list of clusters accesible from the Argo CD installation
# This information is used to populate the generate ApplicationSet resource.
clusters:
  - name: in-cluster
    directory: ./cluster-metal
    destination:
      server: https://kubernetes.default.svc

# The directory where ApplicationSet resources are generated and managed
applicationsetDir: ./applicationsets

# The directory where all managed files are placed.
# This *should* be added to version control.
buildDir: ./builds

# Build lock information containing relevant build state
builds:
  - timestamp: 1705509603
    sourceHash: a9a5b74d0853d19ec0f52fd90fe5245e6640df09f32f045b3085d016248c0745
    sourceHashType: sha256
    sourcePath: cluster-metal/cert-manager
    buildHash: 76541462d2a4ee234f809613add582071a80ec0ae8acf97234ea0754c7aa49e9
    buildHashType: sha256
    buildPath: builds/in-cluster/cert-manager
    cluster: in-cluster
    name: cert-manager
  - timestamp: 1705509607
    sourceHash: 0ba9a0e62754c0dec1e279a65727496a9ef56247d981e06c03560651df096217
    sourceHashType: sha256
    sourcePath: cluster-metal/cilium
    buildHash: cd1772cd9a8d46356d72ccd19978846944bf3e9e8f1ea8af413b2583a3daebca
    buildHashType: sha256
    buildPath: builds/in-cluster/cilium
    cluster: in-cluster
    name: cilium
  - timestamp: 1705509611
    sourceHash: 910fba04e99536e03e79a53aa61d5c130947911309921222902847569ac4059a
    sourceHashType: sha256
    sourcePath: cluster-metal/cloudflared
    buildHash: 1722b8e27eb6b53bad2562655b51a7bcf518daff983f6ffe7880069f8d187f5f
    buildHashType: sha256
    buildPath: builds/in-cluster/cloudflared
    cluster: in-cluster
    name: cloudflared
  - timestamp: 1705509616
    sourceHash: 37a87588e6f0f84159ca797e9bfd6930edf0361e0a71828472aacefa6d3aa895
    sourceHashType: sha256
    sourcePath: cluster-metal/gateway-api
    buildHash: 4134ec0fb14ef573245ea1087acd5d4c52921a33fc7fe230a95b3c284c930a98
    buildHashType: sha256
    buildPath: builds/in-cluster/gateway-api
    cluster: in-cluster
    name: gateway-api
  - timestamp: 1705509626
    sourceHash: f20a39bc9286c25d4070edef0961910929bdff31c6910df816f64bfc8a11b781
    sourceHashType: sha256
    sourcePath: cluster-metal/multus
    buildHash: 8542d7e698a8ad80b5c7c90803c655ef6a268361e1d5b752173018fb57e8de33
    buildHashType: sha256
    buildPath: builds/in-cluster/multus
    cluster: in-cluster
    name: multus
  - timestamp: 1705509629
    sourceHash: 05770aea3ff45ab3bfab934a524f65c65c93dd3b0256ce71b383c75c157459b5
    sourceHashType: sha256
    sourcePath: cluster-metal/rbac
    buildHash: a2a8a3e21a318fc40ecbdf06a484b22ac58125f51546bd72de5cfb38b6e64c76
    buildHashType: sha256
    buildPath: builds/in-cluster/rbac
    cluster: in-cluster
    name: rbac
  - timestamp: 1705509638
    sourceHash: 037c0eba23ebefeafb1f83eaf62c4296340e6684c65c89e45d81a9f5e8323032
    sourceHashType: sha256
    sourcePath: cluster-metal/sealed-secrets
    buildHash: c0e307e7a6d226329f1b92909195fdb497cae3093f552b90607d06793b1e4d3a
    buildHashType: sha256
    buildPath: builds/in-cluster/sealed-secrets
    cluster: in-cluster
    name: sealed-secrets
  - timestamp: 1705509643
    sourceHash: 3f0fc30018c4882ed0c7e754a1e5ad27e62488540e4123d50e0c34f55892d942
    sourceHashType: sha256
    sourcePath: cluster-metal/whereabouts
    buildHash: 4ac71987ab6a2c9558971de96ddadab251be619c2197b2613d702467fba34c06
    buildHashType: sha256
    buildPath: builds/in-cluster/whereabouts
    cluster: in-cluster
    name: whereabouts
  - timestamp: 1705514196
    sourceHash: 60e39a27724e5fe0f4b9550b2edc88f6a4f32ea5b64b7a4ef2b3e0a388ea6f63
    sourceHashType: sha256
    sourcePath: cluster-metal/dpg-meta
    buildHash: 1a9c9f44f4a26bf2cc6652dd69833ad18fa659a4ba00cdb841f162a85365a333
    buildHashType: sha256
    buildPath: builds/in-cluster/dpg-meta
    cluster: in-cluster
    name: dpg-meta
  - timestamp: 1706110925
    sourceHash: fb840b9f593322451c7e0468dffd7dc7e603cf0783bc27699a96ba72a3fb0b5b
    sourceHashType: sha256
    sourcePath: cluster-metal/olm
    buildHash: 01298f1df96ae31351bc96073fb93c9824ca0df1b23fea9a96c8833f1e48e381
    buildHashType: sha256
    buildPath: builds/in-cluster/olm
    cluster: in-cluster
    name: olm
  - timestamp: 1706110940
    sourceHash: 5d5c8d0fe167a1f4a7973f9c1e3f91673c8843568e74abcd46436cf5a90d88ef
    sourceHashType: sha256
    sourcePath: cluster-metal/dpg-datastore
    buildHash: 2aa7b99c89f69dbdf68ade35d55e8ae80ccfa2ff3934dbc46d7087e61456435e
    buildHashType: sha256
    buildPath: builds/in-cluster/dpg-datastore
    cluster: in-cluster
    name: dpg-datastore
  - timestamp: 1706224264
    sourceHash: cc5c34690261f35c648e758aaaaeb8133e9d51136e292d7d85264d7f9ac4f6f7
    sourceHashType: sha256
    sourcePath: cluster-metal/prometheus-operator
    buildHash: a4de69bb3cb30a9d3b50d416b7812a85701cb285b1f4c08f68060dfaf65faa5c
    buildHashType: sha256
    buildPath: builds/in-cluster/prometheus-operator
    cluster: in-cluster
    name: prometheus-operator
  - timestamp: 1706690270
    sourceHash: ca88f03f0903fee9de57ed256c6ae0eb86e23880fc6b5b493837d01791b5d196
    sourceHashType: sha256
    sourcePath: cluster-metal/cloudnative-pg
    buildHash: c32f7fea4e23f1342404b4efced4b18f61b438276829b0283f539e5c6fb28acc
    buildHashType: sha256
    buildPath: builds/in-cluster/cloudnative-pg
    cluster: in-cluster
    name: cloudnative-pg
  - timestamp: 1706693118
    sourceHash: a22ddd1b927f75881e56b26cd8ae073a6e4245fbf5cd27ffadb2039d24db09e7
    sourceHashType: sha256
    sourcePath: cluster-metal/argocd
    buildHash: f0d30607380598abb7b2f98e265ca63f417ae5fa1045f6f9d179d749b54a5cbb
    buildHashType: sha256
    buildPath: builds/in-cluster/argocd
    cluster: in-cluster
    name: argocd
  - timestamp: 1706694066
    sourceHash: 706b22fe711796b691821e810abb9bc9d45d7d03d46de9fb49edaadc702fdfbb
    sourceHashType: sha256
    sourcePath: cluster-metal/dpg-authentication
    buildHash: 0d12d89f43d70e5846cc0e34167ec24c0f00212df1e3c77c4be4b1c8e2f5eabe
    buildHashType: sha256
    buildPath: builds/in-cluster/dpg-authentication
    cluster: in-cluster
    name: dpg-authentication
  - timestamp: 1706694873
    sourceHash: fe56fa352fe0dd6df512dad8bbed494eb62d425cd3144d65d9eab467e0e036c8
    sourceHashType: sha256
    sourcePath: cluster-metal/rook
    buildHash: a9d5ed4ff2816706b0dc223eb86637c4003a59cf1418ba454d277b002103ea02
    buildHashType: sha256
    buildPath: builds/in-cluster/rook
    cluster: in-cluster
    name: rook
  - timestamp: 1706696647
    sourceHash: 3dc93f11344a6615682471d7d7de669ea52636349ae9151e338bdfcd5931653e
    sourceHashType: sha256
    sourcePath: cluster-metal/dpg-processing
    buildHash: dd72c28ab6df865b03899446e53ef523069eb90dc4ea2e7e6e9713c6048df477
    buildHashType: sha256
    buildPath: builds/in-cluster/dpg-processing
    cluster: in-cluster
    name: dpg-processing
  - timestamp: 1706697137
    sourceHash: 72802757b051be6c3e997d2d8893d1b4442720efb8f4f189d78dd1e6616f3ac1
    sourceHashType: sha256
    sourcePath: cluster-metal/redis-operator
    buildHash: a1b7bd17644157145d47e67efcc5c8f0aaf179d06b441b78f51039943c18bf2c
    buildHashType: sha256
    buildPath: builds/in-cluster/redis-operator
    cluster: in-cluster
    name: redis-operator
