apiVersion: kustomanager.shamrock.systems/v1alpha1
kind: KustomanagerLockfile

# Metadata for the repository this lockfile resides in
repo:
  url: https://github.com/ShamrockSystems/k8s-manifests.git
  revision: HEAD

# A list of clusters accesible from the Argo CD installation
# This information is used to populate the generate ApplicationSet resource.
clusters:
  - name: in-cluster
    directory: ./cluster-metal
    destination:
      server: https://kubernetes.default.svc

# The directory where ApplicationSet resources are generated and managed
applicationsetDir: ./applicationsets

# The directory where all managed files are placed.
# This *should* be added to version control.
buildDir: ./builds

# Build lock information containing relevant build state
builds:
  - timestamp: 1705509603
    sourceHash: a9a5b74d0853d19ec0f52fd90fe5245e6640df09f32f045b3085d016248c0745
    sourceHashType: sha256
    sourcePath: cluster-metal/cert-manager
    buildHash: 76541462d2a4ee234f809613add582071a80ec0ae8acf97234ea0754c7aa49e9
    buildHashType: sha256
    buildPath: builds/in-cluster/cert-manager
    cluster: in-cluster
    name: cert-manager
  - timestamp: 1705509607
    sourceHash: 0ba9a0e62754c0dec1e279a65727496a9ef56247d981e06c03560651df096217
    sourceHashType: sha256
    sourcePath: cluster-metal/cilium
    buildHash: cd1772cd9a8d46356d72ccd19978846944bf3e9e8f1ea8af413b2583a3daebca
    buildHashType: sha256
    buildPath: builds/in-cluster/cilium
    cluster: in-cluster
    name: cilium
  - timestamp: 1705509611
    sourceHash: 910fba04e99536e03e79a53aa61d5c130947911309921222902847569ac4059a
    sourceHashType: sha256
    sourcePath: cluster-metal/cloudflared
    buildHash: 1722b8e27eb6b53bad2562655b51a7bcf518daff983f6ffe7880069f8d187f5f
    buildHashType: sha256
    buildPath: builds/in-cluster/cloudflared
    cluster: in-cluster
    name: cloudflared
  - timestamp: 1705509616
    sourceHash: 37a87588e6f0f84159ca797e9bfd6930edf0361e0a71828472aacefa6d3aa895
    sourceHashType: sha256
    sourcePath: cluster-metal/gateway-api
    buildHash: 4134ec0fb14ef573245ea1087acd5d4c52921a33fc7fe230a95b3c284c930a98
    buildHashType: sha256
    buildPath: builds/in-cluster/gateway-api
    cluster: in-cluster
    name: gateway-api
  - timestamp: 1705509626
    sourceHash: f20a39bc9286c25d4070edef0961910929bdff31c6910df816f64bfc8a11b781
    sourceHashType: sha256
    sourcePath: cluster-metal/multus
    buildHash: 8542d7e698a8ad80b5c7c90803c655ef6a268361e1d5b752173018fb57e8de33
    buildHashType: sha256
    buildPath: builds/in-cluster/multus
    cluster: in-cluster
    name: multus
  - timestamp: 1705509629
    sourceHash: 05770aea3ff45ab3bfab934a524f65c65c93dd3b0256ce71b383c75c157459b5
    sourceHashType: sha256
    sourcePath: cluster-metal/rbac
    buildHash: a2a8a3e21a318fc40ecbdf06a484b22ac58125f51546bd72de5cfb38b6e64c76
    buildHashType: sha256
    buildPath: builds/in-cluster/rbac
    cluster: in-cluster
    name: rbac
  - timestamp: 1705509638
    sourceHash: 037c0eba23ebefeafb1f83eaf62c4296340e6684c65c89e45d81a9f5e8323032
    sourceHashType: sha256
    sourcePath: cluster-metal/sealed-secrets
    buildHash: c0e307e7a6d226329f1b92909195fdb497cae3093f552b90607d06793b1e4d3a
    buildHashType: sha256
    buildPath: builds/in-cluster/sealed-secrets
    cluster: in-cluster
    name: sealed-secrets
  - timestamp: 1705509643
    sourceHash: 3f0fc30018c4882ed0c7e754a1e5ad27e62488540e4123d50e0c34f55892d942
    sourceHashType: sha256
    sourcePath: cluster-metal/whereabouts
    buildHash: 4ac71987ab6a2c9558971de96ddadab251be619c2197b2613d702467fba34c06
    buildHashType: sha256
    buildPath: builds/in-cluster/whereabouts
    cluster: in-cluster
    name: whereabouts
  - timestamp: 1705514196
    sourceHash: 60e39a27724e5fe0f4b9550b2edc88f6a4f32ea5b64b7a4ef2b3e0a388ea6f63
    sourceHashType: sha256
    sourcePath: cluster-metal/dpg-meta
    buildHash: 1a9c9f44f4a26bf2cc6652dd69833ad18fa659a4ba00cdb841f162a85365a333
    buildHashType: sha256
    buildPath: builds/in-cluster/dpg-meta
    cluster: in-cluster
    name: dpg-meta
  - timestamp: 1706110925
    sourceHash: fb840b9f593322451c7e0468dffd7dc7e603cf0783bc27699a96ba72a3fb0b5b
    sourceHashType: sha256
    sourcePath: cluster-metal/olm
    buildHash: 01298f1df96ae31351bc96073fb93c9824ca0df1b23fea9a96c8833f1e48e381
    buildHashType: sha256
    buildPath: builds/in-cluster/olm
    cluster: in-cluster
    name: olm
  - timestamp: 1706224264
    sourceHash: cc5c34690261f35c648e758aaaaeb8133e9d51136e292d7d85264d7f9ac4f6f7
    sourceHashType: sha256
    sourcePath: cluster-metal/prometheus-operator
    buildHash: a4de69bb3cb30a9d3b50d416b7812a85701cb285b1f4c08f68060dfaf65faa5c
    buildHashType: sha256
    buildPath: builds/in-cluster/prometheus-operator
    cluster: in-cluster
    name: prometheus-operator
  - timestamp: 1706690270
    sourceHash: ca88f03f0903fee9de57ed256c6ae0eb86e23880fc6b5b493837d01791b5d196
    sourceHashType: sha256
    sourcePath: cluster-metal/cloudnative-pg
    buildHash: c32f7fea4e23f1342404b4efced4b18f61b438276829b0283f539e5c6fb28acc
    buildHashType: sha256
    buildPath: builds/in-cluster/cloudnative-pg
    cluster: in-cluster
    name: cloudnative-pg
  - timestamp: 1706698757
    sourceHash: 7d9c7031bc9d552c2a47d57fbe8c74b4248a7828f3284a243e99164cbc38f223
    sourceHashType: sha256
    sourcePath: cluster-metal/redis-operator
    buildHash: 25aaed3c781bc7c1027ec9fff452823e7aa682b5e1fc7377bad4040a739a0aba
    buildHashType: sha256
    buildPath: builds/in-cluster/redis-operator
    cluster: in-cluster
    name: redis-operator
  - timestamp: 1706857237
    sourceHash: c7bf3e760c8e441da45a322161959adc5e038f50a28fed0c16c8ed62f5126f85
    sourceHashType: sha256
    sourcePath: cluster-metal/grafana-operator
    buildHash: 026b2b23cbfb324e50f66c6fbed827ee866814f4a0e3b995cc58454fb1ab57f6
    buildHashType: sha256
    buildPath: builds/in-cluster/grafana-operator
    cluster: in-cluster
    name: grafana-operator
  - timestamp: 1706863303
    sourceHash: 84f23201e9d3f43e5722e3d8e862f0fb2900686d761d822dd44ebc7007c40cf0
    sourceHashType: sha256
    sourcePath: cluster-metal/grafana
    buildHash: 8b2189469395230dda16565f87e583e386710dd02bc7244588c55c3c99323aee
    buildHashType: sha256
    buildPath: builds/in-cluster/grafana
    cluster: in-cluster
    name: grafana
  - timestamp: 1706863463
    sourceHash: ea3fd786228c52a04c725bf1d867abcbfdad66ae2ac48aea0fbb0f2b74f69359
    sourceHashType: sha256
    sourcePath: cluster-metal/kubernetes-dashboard
    buildHash: 487d7e6296fa97d8f2180b3bf6e54b3bdaf9b9f14c918be08a5fef6e26f1249f
    buildHashType: sha256
    buildPath: builds/in-cluster/kubernetes-dashboard
    cluster: in-cluster
    name: kubernetes-dashboard
  - timestamp: 1706863540
    sourceHash: 2d4e9ad01ad209265028d48b990a0b9a63e3d653467692426379a64705cef128
    sourceHashType: sha256
    sourcePath: cluster-metal/dpg-authentication
    buildHash: 0d12d89f43d70e5846cc0e34167ec24c0f00212df1e3c77c4be4b1c8e2f5eabe
    buildHashType: sha256
    buildPath: builds/in-cluster/dpg-authentication
    cluster: in-cluster
    name: dpg-authentication
  - timestamp: 1706863540
    sourceHash: 2206d5347b386bb8a4800bfce86e88ba170cc3a38fe2db794be32da68107ba28
    sourceHashType: sha256
    sourcePath: cluster-metal/argocd
    buildHash: 62f16f0f03e2e724135fd8d0170d6aa91a68f3c1a89fe2ffdfa26ee2e64231fe
    buildHashType: sha256
    buildPath: builds/in-cluster/argocd
    cluster: in-cluster
    name: argocd
  - timestamp: 1706951854
    sourceHash: 81b7a947ff0154b14b58b856a04857da0e2ac442a45c0afea20c8db7ff94f61a
    sourceHashType: sha256
    sourcePath: cluster-metal/grafana-loki
    buildHash: 632c89c42e03c33defbe79c9702df3360bbdb594787b436296da6bf0aaefea35
    buildHashType: sha256
    buildPath: builds/in-cluster/grafana-loki
    cluster: in-cluster
    name: grafana-loki
  - timestamp: 1707005656
    sourceHash: c64ec258fe25a51bbcf378f4d740c0f3890aac3f85793f94e9a680577c2ee60e
    sourceHashType: sha256
    sourcePath: cluster-metal/whoami
    buildHash: 38dd131f47f61b1d81bb861f5364154ebc5dc3fcc62cfb52b58283f5f634e350
    buildHashType: sha256
    buildPath: builds/in-cluster/whoami
    cluster: in-cluster
    name: whoami
  - timestamp: 1707289255
    sourceHash: 09c0bf217d109fc690d5aa45d0ed16dc72be47f43ffb9b7608ab47409c110a5b
    sourceHashType: sha256
    sourcePath: cluster-metal/rook
    buildHash: 34407d814f69f84ee540e64ff880b494eaf5f50f7e699a52f44ec8289b39d6fc
    buildHashType: sha256
    buildPath: builds/in-cluster/rook
    cluster: in-cluster
    name: rook
  - timestamp: 1707294837
    sourceHash: db4694f4c00288e5592c7ca926c294c070af5a18322a01f87bcc61977dab9a48
    sourceHashType: sha256
    sourcePath: cluster-metal/rabbitmq-cluster-operator
    buildHash: 348ff63e4efd1818d9d2e85ee25bc1bf0536dab9443737135b94684da68e2696
    buildHashType: sha256
    buildPath: builds/in-cluster/rabbitmq-cluster-operator
    cluster: in-cluster
    name: rabbitmq-cluster-operator
  - timestamp: 1707300701
    sourceHash: d122c11416d615d2e8aec6525057d72aa8d6879afeb896aee0d2b8def2ea79db
    sourceHashType: sha256
    sourcePath: cluster-metal/kured
    buildHash: e25540f5ea34e3ffaf9eaee33b3cd62878e99fe403f251a9da0efcb0c475a7f5
    buildHashType: sha256
    buildPath: builds/in-cluster/kured
    cluster: in-cluster
    name: kured
  - timestamp: 1707305524
    sourceHash: 6a4a03ca9d092f9deca1c628bc1460b6dbbcab090105aa9b4645727f86feed61
    sourceHashType: sha256
    sourcePath: cluster-metal/dpg-processing
    buildHash: 819fd199d9912ebce5947f8ce3bd374f1223d7530adc9e4bceb09d2d9b74db92
    buildHashType: sha256
    buildPath: builds/in-cluster/dpg-processing
    cluster: in-cluster
    name: dpg-processing
  - timestamp: 1707306456
    sourceHash: 00785bf2c2f63cd7e7624f1c9ffcd9f596df303186ef7e077dbc7fc00a8f3e65
    sourceHashType: sha256
    sourcePath: cluster-metal/dpg-datastore
    buildHash: e06f043ef3e80e75b74d2a7e080e4e4177e24af91b2f485c695c5d1f98986e15
    buildHashType: sha256
    buildPath: builds/in-cluster/dpg-datastore
    cluster: in-cluster
    name: dpg-datastore
