apiVersion: kustomanager.shamrock.systems/v1alpha1
kind: KustomanagerLockfile

# Metadata for the repository this lockfile resides in
repo:
  url: https://github.com/ShamrockSystems/k8s-manifests.git
  revision: HEAD

# A list of clusters accesible from the Argo CD installation
# This information is used to populate the generate ApplicationSet resource.
clusters:
  - name: in-cluster
    directory: ./cluster-metal
    destination:
      server: https://kubernetes.default.svc

# The directory where ApplicationSet resources are generated and managed
applicationsetDir: ./applicationsets

# The directory where all managed files are placed.
# This *should* be added to version control.
buildDir: ./builds

# Build lock information containing relevant build state
builds:
  - timestamp: 1705509603
    sourceHash: a9a5b74d0853d19ec0f52fd90fe5245e6640df09f32f045b3085d016248c0745
    sourceHashType: sha256
    sourcePath: cluster-metal/cert-manager
    buildHash: 76541462d2a4ee234f809613add582071a80ec0ae8acf97234ea0754c7aa49e9
    buildHashType: sha256
    buildPath: builds/in-cluster/cert-manager
    cluster: in-cluster
    name: cert-manager
  - timestamp: 1705509611
    sourceHash: 910fba04e99536e03e79a53aa61d5c130947911309921222902847569ac4059a
    sourceHashType: sha256
    sourcePath: cluster-metal/cloudflared
    buildHash: 1722b8e27eb6b53bad2562655b51a7bcf518daff983f6ffe7880069f8d187f5f
    buildHashType: sha256
    buildPath: builds/in-cluster/cloudflared
    cluster: in-cluster
    name: cloudflared
  - timestamp: 1705509616
    sourceHash: 37a87588e6f0f84159ca797e9bfd6930edf0361e0a71828472aacefa6d3aa895
    sourceHashType: sha256
    sourcePath: cluster-metal/gateway-api
    buildHash: 4134ec0fb14ef573245ea1087acd5d4c52921a33fc7fe230a95b3c284c930a98
    buildHashType: sha256
    buildPath: builds/in-cluster/gateway-api
    cluster: in-cluster
    name: gateway-api
  - timestamp: 1705509626
    sourceHash: f20a39bc9286c25d4070edef0961910929bdff31c6910df816f64bfc8a11b781
    sourceHashType: sha256
    sourcePath: cluster-metal/multus
    buildHash: 8542d7e698a8ad80b5c7c90803c655ef6a268361e1d5b752173018fb57e8de33
    buildHashType: sha256
    buildPath: builds/in-cluster/multus
    cluster: in-cluster
    name: multus
  - timestamp: 1705509629
    sourceHash: 05770aea3ff45ab3bfab934a524f65c65c93dd3b0256ce71b383c75c157459b5
    sourceHashType: sha256
    sourcePath: cluster-metal/rbac
    buildHash: a2a8a3e21a318fc40ecbdf06a484b22ac58125f51546bd72de5cfb38b6e64c76
    buildHashType: sha256
    buildPath: builds/in-cluster/rbac
    cluster: in-cluster
    name: rbac
  - timestamp: 1705509638
    sourceHash: 037c0eba23ebefeafb1f83eaf62c4296340e6684c65c89e45d81a9f5e8323032
    sourceHashType: sha256
    sourcePath: cluster-metal/sealed-secrets
    buildHash: c0e307e7a6d226329f1b92909195fdb497cae3093f552b90607d06793b1e4d3a
    buildHashType: sha256
    buildPath: builds/in-cluster/sealed-secrets
    cluster: in-cluster
    name: sealed-secrets
  - timestamp: 1705509643
    sourceHash: 3f0fc30018c4882ed0c7e754a1e5ad27e62488540e4123d50e0c34f55892d942
    sourceHashType: sha256
    sourcePath: cluster-metal/whereabouts
    buildHash: 4ac71987ab6a2c9558971de96ddadab251be619c2197b2613d702467fba34c06
    buildHashType: sha256
    buildPath: builds/in-cluster/whereabouts
    cluster: in-cluster
    name: whereabouts
  - timestamp: 1705514196
    sourceHash: 60e39a27724e5fe0f4b9550b2edc88f6a4f32ea5b64b7a4ef2b3e0a388ea6f63
    sourceHashType: sha256
    sourcePath: cluster-metal/dpg-meta
    buildHash: 1a9c9f44f4a26bf2cc6652dd69833ad18fa659a4ba00cdb841f162a85365a333
    buildHashType: sha256
    buildPath: builds/in-cluster/dpg-meta
    cluster: in-cluster
    name: dpg-meta
  - timestamp: 1706110925
    sourceHash: fb840b9f593322451c7e0468dffd7dc7e603cf0783bc27699a96ba72a3fb0b5b
    sourceHashType: sha256
    sourcePath: cluster-metal/olm
    buildHash: 01298f1df96ae31351bc96073fb93c9824ca0df1b23fea9a96c8833f1e48e381
    buildHashType: sha256
    buildPath: builds/in-cluster/olm
    cluster: in-cluster
    name: olm
  - timestamp: 1706690270
    sourceHash: ca88f03f0903fee9de57ed256c6ae0eb86e23880fc6b5b493837d01791b5d196
    sourceHashType: sha256
    sourcePath: cluster-metal/cloudnative-pg
    buildHash: c32f7fea4e23f1342404b4efced4b18f61b438276829b0283f539e5c6fb28acc
    buildHashType: sha256
    buildPath: builds/in-cluster/cloudnative-pg
    cluster: in-cluster
    name: cloudnative-pg
  - timestamp: 1706698757
    sourceHash: 7d9c7031bc9d552c2a47d57fbe8c74b4248a7828f3284a243e99164cbc38f223
    sourceHashType: sha256
    sourcePath: cluster-metal/redis-operator
    buildHash: 25aaed3c781bc7c1027ec9fff452823e7aa682b5e1fc7377bad4040a739a0aba
    buildHashType: sha256
    buildPath: builds/in-cluster/redis-operator
    cluster: in-cluster
    name: redis-operator
  - timestamp: 1706857237
    sourceHash: c7bf3e760c8e441da45a322161959adc5e038f50a28fed0c16c8ed62f5126f85
    sourceHashType: sha256
    sourcePath: cluster-metal/grafana-operator
    buildHash: 026b2b23cbfb324e50f66c6fbed827ee866814f4a0e3b995cc58454fb1ab57f6
    buildHashType: sha256
    buildPath: builds/in-cluster/grafana-operator
    cluster: in-cluster
    name: grafana-operator
  - timestamp: 1707005656
    sourceHash: c64ec258fe25a51bbcf378f4d740c0f3890aac3f85793f94e9a680577c2ee60e
    sourceHashType: sha256
    sourcePath: cluster-metal/whoami
    buildHash: 38dd131f47f61b1d81bb861f5364154ebc5dc3fcc62cfb52b58283f5f634e350
    buildHashType: sha256
    buildPath: builds/in-cluster/whoami
    cluster: in-cluster
    name: whoami
  - timestamp: 1707294837
    sourceHash: db4694f4c00288e5592c7ca926c294c070af5a18322a01f87bcc61977dab9a48
    sourceHashType: sha256
    sourcePath: cluster-metal/rabbitmq-cluster-operator
    buildHash: 348ff63e4efd1818d9d2e85ee25bc1bf0536dab9443737135b94684da68e2696
    buildHashType: sha256
    buildPath: builds/in-cluster/rabbitmq-cluster-operator
    cluster: in-cluster
    name: rabbitmq-cluster-operator
  - timestamp: 1707300701
    sourceHash: d122c11416d615d2e8aec6525057d72aa8d6879afeb896aee0d2b8def2ea79db
    sourceHashType: sha256
    sourcePath: cluster-metal/kured
    buildHash: e25540f5ea34e3ffaf9eaee33b3cd62878e99fe403f251a9da0efcb0c475a7f5
    buildHashType: sha256
    buildPath: builds/in-cluster/kured
    cluster: in-cluster
    name: kured
  - timestamp: 1707320048
    sourceHash: 52f828abbe6a552bdd3b5d6db3fa983629656d05b11be7c66ba9093104a3bd3a
    sourceHashType: sha256
    sourcePath: cluster-metal/dpg-datastore
    buildHash: 5cc31377de418a7c8762b0da42f8c59ce7e8b933dd0949248b7a84116773317c
    buildHashType: sha256
    buildPath: builds/in-cluster/dpg-datastore
    cluster: in-cluster
    name: dpg-datastore
  - timestamp: 1707486470
    sourceHash: 173161240d6e38ab402234f949d3a8decce3cf5aa38988fe90207f4dc0053cd5
    sourceHashType: sha256
    sourcePath: cluster-metal/grafana
    buildHash: 84bb0cacff5ecd29e995d7b36a9c9a1fe5d0a296097869cf02e836f285b47cf5
    buildHashType: sha256
    buildPath: builds/in-cluster/grafana
    cluster: in-cluster
    name: grafana
  - timestamp: 1707780044
    sourceHash: 579da69d73171ba580b9e5d39faf796b596814427bdd1c24830e343995751085
    sourceHashType: sha256
    sourcePath: cluster-metal/rook
    buildHash: 88e66a7e4083a2dac9bb668e306bdda7a5d28fe1d4305abb405eba2dc116c481
    buildHashType: sha256
    buildPath: builds/in-cluster/rook
    cluster: in-cluster
    name: rook
  - timestamp: 1707780631
    sourceHash: 156839e040185285e9079fa98ebac7e1ac7157a0dc24144f6fe21980b55137e1
    sourceHashType: sha256
    sourcePath: cluster-metal/kube-prometheus
    buildHash: 99f69db66bf64b111a774a5a0ce0e4387888f8f484d2bc7ee412997bf17ee870
    buildHashType: sha256
    buildPath: builds/in-cluster/kube-prometheus
    cluster: in-cluster
    name: kube-prometheus
  - timestamp: 1707789387
    sourceHash: 841e6668c5e40151e63e2dc29217124c0cf2afc0104c71e49b6a6e08eb7ffb59
    sourceHashType: sha256
    sourcePath: cluster-metal/grafana-loki
    buildHash: 66a438a59ff8b20ceeae7d922608d606df7f4435a66a9e2310637e02e42b4740
    buildHashType: sha256
    buildPath: builds/in-cluster/grafana-loki
    cluster: in-cluster
    name: grafana-loki
  - timestamp: 1707846231
    sourceHash: c0f79783bcf08605916e3ce93a9764904f2ca7faa5599671210ec17e084d2de8
    sourceHashType: sha256
    sourcePath: cluster-metal/marin3r
    buildHash: 1df5177371807ac28f5cb7ff6c8138bfad6727873b86f7b117fb501f0300ad39
    buildHashType: sha256
    buildPath: builds/in-cluster/marin3r
    cluster: in-cluster
    name: marin3r
  - timestamp: 1707912901
    sourceHash: ad1ae7c44ff2e4fd623468bcf88d3ada7602142567b5216c12ec055bf11086b0
    sourceHashType: sha256
    sourcePath: cluster-metal/dpg-processing
    buildHash: 0de9e235957f68321f9d00562a1fc3fb074fa49c77d03220e72d6217c76fc0e8
    buildHashType: sha256
    buildPath: builds/in-cluster/dpg-processing
    cluster: in-cluster
    name: dpg-processing
  - timestamp: 1709522345
    sourceHash: a94df23c0711afc39bf446ef7dd71766056fa8f43281f8751be03b2ff6a0edb2
    sourceHashType: sha256
    sourcePath: cluster-metal/argocd
    buildHash: ed8c7f7b10d9d54d2991376a532d5a88502df76da510619bb4c9cb4e33264dbd
    buildHashType: sha256
    buildPath: builds/in-cluster/argocd
    cluster: in-cluster
    name: argocd
  - timestamp: 1709854206
    sourceHash: a6f5111ee47b78d988320c0801ab89e459d4971cd581d9b03ae481d23c8a6307
    sourceHashType: sha256
    sourcePath: cluster-metal/crossplane
    buildHash: 983fa4a6f0ac1417a80f328f20523b5536eb5b868bd440263999e5be63603656
    buildHashType: sha256
    buildPath: builds/in-cluster/crossplane
    cluster: in-cluster
    name: crossplane
  - timestamp: 1709863827
    sourceHash: 71f7fe8d9da8cf8ef3425e32122a4d0884c5b81bab1cd8556d7d12fa1c064f67
    sourceHashType: sha256
    sourcePath: cluster-metal/reflector
    buildHash: a2d6c76189185e3cdf3d561f27f827e0351c0c29e05b399807af763789aede70
    buildHashType: sha256
    buildPath: builds/in-cluster/reflector
    cluster: in-cluster
    name: reflector
  - timestamp: 1709864454
    sourceHash: 1836f912ff6b78bdffb5c85f9c9a915623966c28ae9d0887c9d061afa1a378ef
    sourceHashType: sha256
    sourcePath: cluster-metal/dpg-authentication
    buildHash: 59f5c5dcab26e018f6143c05524359e083b6fb078b74ace9680a771ab5611adb
    buildHashType: sha256
    buildPath: builds/in-cluster/dpg-authentication
    cluster: in-cluster
    name: dpg-authentication
  - timestamp: 1710665028
    sourceHash: a830d0326e4851c2bb18f306d0b5cf0b7e4f8f82988379cb01a350980286030b
    sourceHashType: sha256
    sourcePath: cluster-metal/keycloak
    buildHash: a06b6f71e255ae24f5920e11e3c5c05df97b21791f35c84a6489e1aaf58e0cf5
    buildHashType: sha256
    buildPath: builds/in-cluster/keycloak
    cluster: in-cluster
    name: keycloak
  - timestamp: 1710704301
    sourceHash: 6421a6961e640cded30a9f9043b3c9ca46dc3cfc0c84052690cb6a59e7570471
    sourceHashType: sha256
    sourcePath: cluster-metal/immich
    buildHash: fffb0e63d990429c453e5c95e43ca8ed411b05635dcde53fd904150ee8fe5414
    buildHashType: sha256
    buildPath: builds/in-cluster/immich
    cluster: in-cluster
    name: immich
  - timestamp: 1711078952
    sourceHash: 70c6521f97ccce8bb294e69d24744a10dea56acdf8934579f694eec351593949
    sourceHashType: sha256
    sourcePath: cluster-metal/kubernetes-dashboard
    buildHash: 346ff056162c2a03672fa6ee8ea4d27b729087ac5496ab758a9029463e0618ba
    buildHashType: sha256
    buildPath: builds/in-cluster/kubernetes-dashboard
    cluster: in-cluster
    name: kubernetes-dashboard
  - timestamp: 1711079452
    sourceHash: 1363b2dbb69b1ccceae328ae3cc8d926f849af3f73963496fa59474f65cd2223
    sourceHashType: sha256
    sourcePath: cluster-metal/cilium
    buildHash: ed19954f19c9d5e04a5d10bbaf98d320aabac47493a7af02daef2c382a3a5093
    buildHashType: sha256
    buildPath: builds/in-cluster/cilium
    cluster: in-cluster
    name: cilium
