apiVersion: kerria.dev/v1alpha1
kind: Lockfile
metadata:
  name: k8s-manifests
spec:
  defaultHash: sha256
status:
  builds:
    - timestamp: "2024-05-15T19:20:29-05:00"
      discoHash: 6d5fdc189f7b076bf193d96f3530d398f8d03eeafd74b250a672092d870340b9
      discoHashType: sha256
      discoPath: cluster-metal/cert-manager
      buildHash: 673f727817f00ed409171184f47c524df2ad46dbbd55008a1c785edc5607e3ce
      buildHashType: sha256
      buildPath: builds/cluster-metal/cert-manager
    - timestamp: "2024-01-17T16:40:11Z"
      discoHash: 910fba04e99536e03e79a53aa61d5c130947911309921222902847569ac4059a
      discoHashType: sha256
      discoPath: cluster-metal/cloudflared
      buildHash: 1722b8e27eb6b53bad2562655b51a7bcf518daff983f6ffe7880069f8d187f5f
      buildHashType: sha256
      buildPath: builds/cluster-metal/cloudflared
    - timestamp: "2024-05-15T19:20:32-05:00"
      discoHash: 86fdd4d4ff4abb5175c9313915bf025a9b59359f313c458a4d338f6fffe15679
      discoHashType: sha256
      discoPath: cluster-metal/gateway-api
      buildHash: 88a22a1eb66af1e07126e70d61c090791e416503c692c2394e426e225571b001
      buildHashType: sha256
      buildPath: builds/cluster-metal/gateway-api
    - timestamp: "2025-05-29T18:23:50-05:00"
      discoHash: d86ed232e7ed806de8f5d404986a3e7c44aa200961bab9d664bf2aaaa9f8ad9a
      discoHashType: sha256
      discoPath: cluster-metal/multus
      buildHash: bf449ecd9bc88223793a0700a4281f495c5f9edae0c7c60f1137343fd669ac9a
      buildHashType: sha256
      buildPath: builds/cluster-metal/multus
    - timestamp: "2024-01-17T16:40:29Z"
      discoHash: 05770aea3ff45ab3bfab934a524f65c65c93dd3b0256ce71b383c75c157459b5
      discoHashType: sha256
      discoPath: cluster-metal/rbac
      buildHash: a2a8a3e21a318fc40ecbdf06a484b22ac58125f51546bd72de5cfb38b6e64c76
      buildHashType: sha256
      buildPath: builds/cluster-metal/rbac
    - timestamp: "2024-01-17T16:40:38Z"
      discoHash: 037c0eba23ebefeafb1f83eaf62c4296340e6684c65c89e45d81a9f5e8323032
      discoHashType: sha256
      discoPath: cluster-metal/sealed-secrets
      buildHash: c0e307e7a6d226329f1b92909195fdb497cae3093f552b90607d06793b1e4d3a
      buildHashType: sha256
      buildPath: builds/cluster-metal/sealed-secrets
    - timestamp: "2024-12-18T19:03:49-06:00"
      discoHash: 02cf4f53139fbcd294114853314598da1e91c68cf1deec1872ebf19317a42956
      discoHashType: sha256
      discoPath: cluster-metal/whereabouts
      buildHash: aebe7aeed2aeaf044519f37c88df883cfbe122432e3486791d8706ccfe061674
      buildHashType: sha256
      buildPath: builds/cluster-metal/whereabouts
    - timestamp: "2024-01-17T17:56:36Z"
      discoHash: 60e39a27724e5fe0f4b9550b2edc88f6a4f32ea5b64b7a4ef2b3e0a388ea6f63
      discoHashType: sha256
      discoPath: cluster-metal/dpg-meta
      buildHash: 1a9c9f44f4a26bf2cc6652dd69833ad18fa659a4ba00cdb841f162a85365a333
      buildHashType: sha256
      buildPath: builds/cluster-metal/dpg-meta
    - timestamp: "2024-01-24T15:42:05Z"
      discoHash: fb840b9f593322451c7e0468dffd7dc7e603cf0783bc27699a96ba72a3fb0b5b
      discoHashType: sha256
      discoPath: cluster-metal/olm
      buildHash: 01298f1df96ae31351bc96073fb93c9824ca0df1b23fea9a96c8833f1e48e381
      buildHashType: sha256
      buildPath: builds/cluster-metal/olm
    - timestamp: "2024-05-15T19:20:32-05:00"
      discoHash: 1f774e8542821455e73b32a97b8316e8328fc43922de33106ebcf5e2400959a9
      discoHashType: sha256
      discoPath: cluster-metal/cloudnative-pg
      buildHash: 723478e8d2f343ba8e56c67a53f961e4faf21b216ca1d75967e63d036fbdc0f2
      buildHashType: sha256
      buildPath: builds/cluster-metal/cloudnative-pg
    - timestamp: "2024-01-31T10:59:17Z"
      discoHash: 7d9c7031bc9d552c2a47d57fbe8c74b4248a7828f3284a243e99164cbc38f223
      discoHashType: sha256
      discoPath: cluster-metal/redis-operator
      buildHash: 25aaed3c781bc7c1027ec9fff452823e7aa682b5e1fc7377bad4040a739a0aba
      buildHashType: sha256
      buildPath: builds/cluster-metal/redis-operator
    - timestamp: "2024-02-02T07:00:37Z"
      discoHash: c7bf3e760c8e441da45a322161959adc5e038f50a28fed0c16c8ed62f5126f85
      discoHashType: sha256
      discoPath: cluster-metal/grafana-operator
      buildHash: 026b2b23cbfb324e50f66c6fbed827ee866814f4a0e3b995cc58454fb1ab57f6
      buildHashType: sha256
      buildPath: builds/cluster-metal/grafana-operator
    - timestamp: "2024-02-04T00:14:16Z"
      discoHash: c64ec258fe25a51bbcf378f4d740c0f3890aac3f85793f94e9a680577c2ee60e
      discoHashType: sha256
      discoPath: cluster-metal/whoami
      buildHash: 38dd131f47f61b1d81bb861f5364154ebc5dc3fcc62cfb52b58283f5f634e350
      buildHashType: sha256
      buildPath: builds/cluster-metal/whoami
    - timestamp: "2024-02-07T08:33:57Z"
      discoHash: db4694f4c00288e5592c7ca926c294c070af5a18322a01f87bcc61977dab9a48
      discoHashType: sha256
      discoPath: cluster-metal/rabbitmq-cluster-operator
      buildHash: 348ff63e4efd1818d9d2e85ee25bc1bf0536dab9443737135b94684da68e2696
      buildHashType: sha256
      buildPath: builds/cluster-metal/rabbitmq-cluster-operator
    - timestamp: "2024-05-14T21:14:44-05:00"
      discoHash: 8f4e056d48edaf80ceb1a7bf201863f1242340d5a7a955e51d8fc63520705f52
      discoHashType: sha256
      discoPath: cluster-metal/kured
      buildHash: 8f4e056d48edaf80ceb1a7bf201863f1242340d5a7a955e51d8fc63520705f52
      buildHashType: sha256
      buildPath: builds/cluster-metal/kured
    - timestamp: "2024-02-07T15:34:08Z"
      discoHash: 52f828abbe6a552bdd3b5d6db3fa983629656d05b11be7c66ba9093104a3bd3a
      discoHashType: sha256
      discoPath: cluster-metal/dpg-datastore
      buildHash: 5cc31377de418a7c8762b0da42f8c59ce7e8b933dd0949248b7a84116773317c
      buildHashType: sha256
      buildPath: builds/cluster-metal/dpg-datastore
    - timestamp: "2024-02-09T13:47:50Z"
      discoHash: 173161240d6e38ab402234f949d3a8decce3cf5aa38988fe90207f4dc0053cd5
      discoHashType: sha256
      discoPath: cluster-metal/grafana
      buildHash: 84bb0cacff5ecd29e995d7b36a9c9a1fe5d0a296097869cf02e836f285b47cf5
      buildHashType: sha256
      buildPath: builds/cluster-metal/grafana
    - timestamp: "2025-05-29T18:47:09-05:00"
      discoHash: a02e42dfe36f77af7675733c6568db562760f6b32df98078dbb72b8cf622d4dd
      discoHashType: sha256
      discoPath: cluster-metal/rook
      buildHash: 2a02de2e5ac44694c3f4a9afa594466edaa4327c8e7e4780e244fe207cba02ab
      buildHashType: sha256
      buildPath: builds/cluster-metal/rook
    - timestamp: "2024-12-18T22:25:19-06:00"
      discoHash: 07511e160cb1fad7bdd67412f8b13a1a39ed7563452b31bbcd53e7855df1aacc
      discoHashType: sha256
      discoPath: cluster-metal/kube-prometheus
      buildHash: cf4aeff58568c576ddbd2626de6356f6a10fb2422099a7795acf1a2cf8a392cb
      buildHashType: sha256
      buildPath: builds/cluster-metal/kube-prometheus
    - timestamp: "2024-02-13T01:56:27Z"
      discoHash: 841e6668c5e40151e63e2dc29217124c0cf2afc0104c71e49b6a6e08eb7ffb59
      discoHashType: sha256
      discoPath: cluster-metal/grafana-loki
      buildHash: 66a438a59ff8b20ceeae7d922608d606df7f4435a66a9e2310637e02e42b4740
      buildHashType: sha256
      buildPath: builds/cluster-metal/grafana-loki
    - timestamp: "2024-02-13T17:43:51Z"
      discoHash: c0f79783bcf08605916e3ce93a9764904f2ca7faa5599671210ec17e084d2de8
      discoHashType: sha256
      discoPath: cluster-metal/marin3r
      buildHash: 1df5177371807ac28f5cb7ff6c8138bfad6727873b86f7b117fb501f0300ad39
      buildHashType: sha256
      buildPath: builds/cluster-metal/marin3r
    - timestamp: "2024-02-14T12:15:01Z"
      discoHash: ad1ae7c44ff2e4fd623468bcf88d3ada7602142567b5216c12ec055bf11086b0
      discoHashType: sha256
      discoPath: cluster-metal/dpg-processing
      buildHash: 0de9e235957f68321f9d00562a1fc3fb074fa49c77d03220e72d6217c76fc0e8
      buildHashType: sha256
      buildPath: builds/cluster-metal/dpg-processing
    - timestamp: "2024-12-16T21:29:09-06:00"
      discoHash: 4d662e512b548a207c5139deb73086b25eaf06cee8c044d16f526d0debe1450d
      discoHashType: sha256
      discoPath: cluster-metal/argocd
      buildHash: fdc066adffe827699db5fd1d7580894c616deb11135edce9e0d99566ba7503e1
      buildHashType: sha256
      buildPath: builds/cluster-metal/argocd
    - timestamp: "2024-03-07T23:30:06Z"
      discoHash: a6f5111ee47b78d988320c0801ab89e459d4971cd581d9b03ae481d23c8a6307
      discoHashType: sha256
      discoPath: cluster-metal/crossplane
      buildHash: 983fa4a6f0ac1417a80f328f20523b5536eb5b868bd440263999e5be63603656
      buildHashType: sha256
      buildPath: builds/cluster-metal/crossplane
    - timestamp: "2024-03-08T02:10:27Z"
      discoHash: 71f7fe8d9da8cf8ef3425e32122a4d0884c5b81bab1cd8556d7d12fa1c064f67
      discoHashType: sha256
      discoPath: cluster-metal/reflector
      buildHash: a2d6c76189185e3cdf3d561f27f827e0351c0c29e05b399807af763789aede70
      buildHashType: sha256
      buildPath: builds/cluster-metal/reflector
    - timestamp: "2024-03-08T02:20:54Z"
      discoHash: 1836f912ff6b78bdffb5c85f9c9a915623966c28ae9d0887c9d061afa1a378ef
      discoHashType: sha256
      discoPath: cluster-metal/dpg-authentication
      buildHash: 59f5c5dcab26e018f6143c05524359e083b6fb078b74ace9680a771ab5611adb
      buildHashType: sha256
      buildPath: builds/cluster-metal/dpg-authentication
    - timestamp: "2024-03-17T08:43:48Z"
      discoHash: a830d0326e4851c2bb18f306d0b5cf0b7e4f8f82988379cb01a350980286030b
      discoHashType: sha256
      discoPath: cluster-metal/keycloak
      buildHash: a06b6f71e255ae24f5920e11e3c5c05df97b21791f35c84a6489e1aaf58e0cf5
      buildHashType: sha256
      buildPath: builds/cluster-metal/keycloak
    - timestamp: "2024-03-17T19:38:21Z"
      discoHash: 6421a6961e640cded30a9f9043b3c9ca46dc3cfc0c84052690cb6a59e7570471
      discoHashType: sha256
      discoPath: cluster-metal/immich
      buildHash: fffb0e63d990429c453e5c95e43ca8ed411b05635dcde53fd904150ee8fe5414
      buildHashType: sha256
      buildPath: builds/cluster-metal/immich
    - timestamp: "2024-03-22T03:42:32Z"
      discoHash: 70c6521f97ccce8bb294e69d24744a10dea56acdf8934579f694eec351593949
      discoHashType: sha256
      discoPath: cluster-metal/kubernetes-dashboard
      buildHash: 346ff056162c2a03672fa6ee8ea4d27b729087ac5496ab758a9029463e0618ba
      buildHashType: sha256
      buildPath: builds/cluster-metal/kubernetes-dashboard
    - timestamp: "2025-05-29T18:12:28-05:00"
      discoHash: e04a3d63a96582ac20b49e7c19e09033b4a65a880d5fae7a16db2c837f551332
      discoHashType: sha256
      discoPath: cluster-metal/cilium
      buildHash: e9ba9d2eede99f990119b824a43b241600e79847698a42293fc2a68ecee15d32
      buildHashType: sha256
      buildPath: builds/cluster-metal/cilium
    - timestamp: "2024-04-10T03:05:51Z"
      discoHash: c37ef69c36a748b1546d6eaf546e26e113d92c828e63d3672ffbffbc97c91197
      discoHashType: sha256
      discoPath: cluster-local/cloudnative-pg
      buildHash: bf290692a9b4bd425a7d2a8f8dd3099f927024d0c825d88257d54d56faea7ed0
      buildHashType: sha256
      buildPath: builds/cluster-local/cloudnative-pg
    - timestamp: "2024-04-10T03:57:56Z"
      discoHash: c36e5197d6fa977de1fafb8514c09607ade69ef17dcdd2269d8bb66b1c8396d7
      discoHashType: sha256
      discoPath: cluster-local/redis-operator
      buildHash: 27e305bcec61dcc3a1fd9c2550236ad0c9d1446ca40fd9c3182aa7153f098e5f
      buildHashType: sha256
      buildPath: builds/cluster-local/redis-operator
    - timestamp: "2024-04-10T04:09:06Z"
      discoHash: d352e802b46172f06055ee775ec23e35cef85bd091ab1a3ad9726e5ad63db3c4
      discoHashType: sha256
      discoPath: cluster-local/envoy-gateway
      buildHash: 9d7525ff614758e858480a7c4612dfba6c04a5b0fdd85c2810a0380199a429ba
      buildHashType: sha256
      buildPath: builds/cluster-local/envoy-gateway
    - timestamp: "2024-04-10T05:28:50Z"
      discoHash: 49220044e13ac3331bc71d1c8f89e259a6e06e28e91ea5fbfee04b19180a2553
      discoHashType: sha256
      discoPath: cluster-local/gateway
      buildHash: 43abbc46f72ebc492d64cc9a05b6c4a8c4c3d6b10fd8d034eb882ff013b63f85
      buildHashType: sha256
      buildPath: builds/cluster-local/gateway
    - timestamp: "2024-04-10T06:44:47Z"
      discoHash: 97beec5fb6851a8fb2114c3c7dd7519cbb4fd5ca06bf826e7cfc05808f75bfe6
      discoHashType: sha256
      discoPath: cluster-local/reflector
      buildHash: ad096c7f5e6b2f5cd466f38bff90c551eee6a3af0839652b2ccbcc695a4def71
      buildHashType: sha256
      buildPath: builds/cluster-local/reflector
    - timestamp: "2024-04-10T06:44:55Z"
      discoHash: 24569d9e7e97c298c282a2373d643b0de84684c72598299faa3caace16da797c
      discoHashType: sha256
      discoPath: cluster-local/crossplane
      buildHash: 9fb85898d80950c708d3d46845cd6b6c0481d429c19f5f440fcfc8cf49af0756
      buildHashType: sha256
      buildPath: builds/cluster-local/crossplane
    - timestamp: "2024-04-10T07:17:41Z"
      discoHash: 297e1c519318064b1e7153c6a9757030b92fbec07fb66e360ad0e77384ceb969
      discoHashType: sha256
      discoPath: cluster-local/argocd
      buildHash: 7972e8ffd639f7a1ab9b60e6ae271eb85c16275da9efec0c8e1a0a6cd08b7dbb
      buildHashType: sha256
      buildPath: builds/cluster-local/argocd
    - timestamp: "2024-04-10T08:35:00Z"
      discoHash: 28cc87faa5b6cf853aac1f36b1affa688adc81a837f7a4bb32d988e136b53381
      discoHashType: sha256
      discoPath: cluster-local/keycloak
      buildHash: 707d98f6ffa862540c7e14cef95a853886d71d1a1fcf7026ffc1fa8c81f143cc
      buildHashType: sha256
      buildPath: builds/cluster-local/keycloak
    - timestamp: "2024-04-10T08:35:00Z"
      discoHash: 1d963b880ab57521602a8dc5141a53d2723651eb16a9f9fded52d77d548eb5cd
      discoHashType: sha256
      discoPath: cluster-local/keycloak-provider
      buildHash: 89f5d2c352c304da1c4e4113d3236a6f5d9b056f4eba23d3cd7eaecea7cce90e
      buildHashType: sha256
      buildPath: builds/cluster-local/keycloak-provider
    - timestamp: "2024-04-10T08:52:25Z"
      discoHash: bac871a181b2998769e2c4330f99d63b175f7d640e658b4b39969679b31441d3
      discoHashType: sha256
      discoPath: cluster-local/whoami
      buildHash: c9476984c1290eb30c3c108dfc0deb8dc796846f4eb69325f80831075231afe9
      buildHashType: sha256
      buildPath: builds/cluster-local/whoami
    - timestamp: "2024-04-11T06:23:01Z"
      discoHash: 9c6812ac64ba0d1c0eb6e42703e1df66b8c2d7a472524513cce616f009033a26
      discoHashType: sha256
      discoPath: cluster-local/debug
      buildHash: 53ed762f83a730c6a8f3b7f58d6876a711e3805b1c5aa8745f50f9ee6c39cf3b
      buildHashType: sha256
      buildPath: builds/cluster-local/debug
    - timestamp: "2024-04-14T23:07:16Z"
      discoHash: 42a214e24339383724147ce88ed5dad6a8cdcf71b4f024f05815b791fbbe1c5d
      discoHashType: sha256
      discoPath: cluster-local/noobaa
      buildHash: fdeac70cddf1e4027bc2297d6c251d49c7f3628922f041e118990359f727362c
      buildHashType: sha256
      buildPath: builds/cluster-local/noobaa
    - timestamp: "2024-04-14T23:33:35Z"
      discoHash: 67b9ca39b700b0b89b1b95eff2deb4b90aa6246212cc229411b4ea000f3e797f
      discoHashType: sha256
      discoPath: cluster-local/template-controller
      buildHash: 48ea3e31ff025af27112d3e4b75e613a373d0baf3916d8d850fa22d8c1d92746
      buildHashType: sha256
      buildPath: builds/cluster-local/template-controller
    - timestamp: "2024-04-17T07:42:14Z"
      discoHash: 5ae9fb1e8cf1ab1a909d8bb718eacfc5e1a9c9405c86ef87c37692865e792068
      discoHashType: sha256
      discoPath: cluster-local/coredns
      buildHash: 9069be48999b847d59be9b33245770d9fac88f814b432bcd8f2ba4f1da5d577e
      buildHashType: sha256
      buildPath: builds/cluster-local/coredns
    - timestamp: "2024-05-29T12:55:02-05:00"
      discoHash: 4e5d857f3e0f4ed6e94eac657c5edbd2b768dbd59f8d5db4b016d49004c525ff
      discoHashType: sha256
      discoPath: cluster-local/deeppharmgraph
      buildHash: 00d117e34d2c467a9db947e1ceb564c5927fbcbe8b6b3183e9528c467346bf3a
      buildHashType: sha256
      buildPath: builds/cluster-local/deeppharmgraph
    - timestamp: "2024-05-29T12:48:32-05:00"
      discoHash: e3b0c44298fc1c149afbf4c8996fb92427ae41e4649b934ca495991b7852b855
      discoHashType: sha256
      discoPath: cluster-local/applicationset
      buildHash: e3b0c44298fc1c149afbf4c8996fb92427ae41e4649b934ca495991b7852b855
      buildHashType: sha256
      buildPath: build/cluster-local/applicationset
    - timestamp: "2024-05-14T17:11:47-05:00"
      discoHash: 4e7d2e8891484b9c2abf48776cb5cd8aff09c7ab8d08b8efa02c687f225eacd9
      discoHashType: sha256
      discoPath: cluster-local/cosi
      buildHash: 4e7d2e8891484b9c2abf48776cb5cd8aff09c7ab8d08b8efa02c687f225eacd9
      buildHashType: sha256
      buildPath: build/cluster-local/cosi
    - timestamp: "2024-05-22T20:08:23-05:00"
      discoHash: 589ce118f57661e70fe19a419f5286778ec268ded8ce67dc43dbf5538fa4a917
      discoHashType: sha256
      discoPath: cluster-metal/dawncraft
      buildHash: a8f9161d35f35b47e857400e0615deff90ce19de286b621a8a9a2b05a33e7b6a
      buildHashType: sha256
      buildPath: builds/cluster-metal/dawncraft
    - timestamp: "2024-05-28T16:49:22-05:00"
      discoHash: 627a626c2097f4784961be161fa83f7a897403ce06e147423d583b6ae6eb47e7
      discoHashType: sha256
      discoPath: cluster-metal/system-upgrade
      buildHash: 56417dc5d828b756609df215d5c0513897449a04350c9616f540d65254d9f928
      buildHashType: sha256
      buildPath: builds/cluster-metal/system-upgrade
    - timestamp: "2024-12-18T21:24:29-06:00"
      discoHash: d964f96eedb7e928491ae3171c4971832e1a35fb68580e7c29af0898e2affe5a
      discoHashType: sha256
      discoPath: cluster-metal/kubevirt-operator
      buildHash: 77d2eb503518b4eacd32f829effeda281b77923ac906e92145a351c8cb2e874c
      buildHashType: sha256
      buildPath: builds/cluster-metal/kubevirt-operator
    - timestamp: "2025-01-05T18:58:56-06:00"
      discoHash: e9f9bfe1bc7a2ddea93829771b54cba97f653007a62932d6df84dd854979c135
      discoHashType: sha256
      discoPath: cluster-metal/kubevirt
      buildHash: 930e288d4f3fc3d545337d995aa16857c0eabc8ecda4eac900e903e65a9321aa
      buildHashType: sha256
      buildPath: builds/cluster-metal/kubevirt
    - timestamp: "2025-01-05T21:36:14-06:00"
      discoHash: 44377e01819bff0e30a627fbdf40652883591787684be2a8b0b581c66050b98c
      discoHashType: sha256
      discoPath: cluster-metal/windows
      buildHash: f13c84c62db203a0e5da326c3c90a86966e0ac747e33cef3bcc8a4c1f117577b
      buildHashType: sha256
      buildPath: builds/cluster-metal/windows
